// !$*UTF8*$!
{
	archiveVersion = 1;
	classes = {
	};
	objectVersion = 50;
	objects = {

/* Begin PBXBuildFile section */
		86A650B02306FE8600214252 /* AppDelegate.swift in Sources */ = {isa = PBXBuildFile; fileRef = 86A650AF2306FE8600214252 /* AppDelegate.swift */; };
		86A650B52306FE8600214252 /* Main.storyboard in Resources */ = {isa = PBXBuildFile; fileRef = 86A650B32306FE8600214252 /* Main.storyboard */; };
		86A650B72306FE8700214252 /* Assets.xcassets in Resources */ = {isa = PBXBuildFile; fileRef = 86A650B62306FE8700214252 /* Assets.xcassets */; };
		86A650BA2306FE8700214252 /* LaunchScreen.storyboard in Resources */ = {isa = PBXBuildFile; fileRef = 86A650B82306FE8700214252 /* LaunchScreen.storyboard */; };
		86A650C62307016800214252 /* Movie.swift in Sources */ = {isa = PBXBuildFile; fileRef = 86A650C52307016800214252 /* Movie.swift */; };
		86A650C82307025D00214252 /* MovieController.swift in Sources */ = {isa = PBXBuildFile; fileRef = 86A650C72307025D00214252 /* MovieController.swift */; };
		86A650CA2307064000214252 /* MainTableViewController.swift in Sources */ = {isa = PBXBuildFile; fileRef = 86A650C92307064000214252 /* MainTableViewController.swift */; };
		86A650CC2307096E00214252 /* MoviesData.swift in Sources */ = {isa = PBXBuildFile; fileRef = 86A650CB2307096E00214252 /* MoviesData.swift */; };
		86A650CE23070CE900214252 /* MovieTableViewCell.swift in Sources */ = {isa = PBXBuildFile; fileRef = 86A650CD23070CE900214252 /* MovieTableViewCell.swift */; };
/* End PBXBuildFile section */

/* Begin PBXFileReference section */
		86A650AC2306FE8600214252 /* weekthreeAssesment.app */ = {isa = PBXFileReference; explicitFileType = wrapper.application; includeInIndex = 0; path = weekthreeAssesment.app; sourceTree = BUILT_PRODUCTS_DIR; };
		86A650AF2306FE8600214252 /* AppDelegate.swift */ = {isa = PBXFileReference; lastKnownFileType = sourcecode.swift; path = AppDelegate.swift; sourceTree = "<group>"; };
		86A650B42306FE8600214252 /* Base */ = {isa = PBXFileReference; lastKnownFileType = file.storyboard; name = Base; path = Base.lproj/Main.storyboard; sourceTree = "<group>"; };
		86A650B62306FE8700214252 /* Assets.xcassets */ = {isa = PBXFileReference; lastKnownFileType = folder.assetcatalog; path = Assets.xcassets; sourceTree = "<group>"; };
		86A650B92306FE8700214252 /* Base */ = {isa = PBXFileReference; lastKnownFileType = file.storyboard; name = Base; path = Base.lproj/LaunchScreen.storyboard; sourceTree = "<group>"; };
		86A650BB2306FE8700214252 /* Info.plist */ = {isa = PBXFileReference; lastKnownFileType = text.plist.xml; path = Info.plist; sourceTree = "<group>"; };
		86A650C52307016800214252 /* Movie.swift */ = {isa = PBXFileReference; lastKnownFileType = sourcecode.swift; path = Movie.swift; sourceTree = "<group>"; };
		86A650C72307025D00214252 /* MovieController.swift */ = {isa = PBXFileReference; lastKnownFileType = sourcecode.swift; path = MovieController.swift; sourceTree = "<group>"; };
		86A650C92307064000214252 /* MainTableViewController.swift */ = {isa = PBXFileReference; lastKnownFileType = sourcecode.swift; path = MainTableViewController.swift; sourceTree = "<group>"; };
		86A650CB2307096E00214252 /* MoviesData.swift */ = {isa = PBXFileReference; lastKnownFileType = sourcecode.swift; path = MoviesData.swift; sourceTree = "<group>"; };
		86A650CD23070CE900214252 /* MovieTableViewCell.swift */ = {isa = PBXFileReference; lastKnownFileType = sourcecode.swift; path = MovieTableViewCell.swift; sourceTree = "<group>"; };
/* End PBXFileReference section */

/* Begin PBXFrameworksBuildPhase section */
		86A650A92306FE8600214252 /* Frameworks */ = {
			isa = PBXFrameworksBuildPhase;
			buildActionMask = 2147483647;
			files = (
			);
			runOnlyForDeploymentPostprocessing = 0;
		};
/* End PBXFrameworksBuildPhase section */

/* Begin PBXGroup section */
		86A650A32306FE8600214252 = {
			isa = PBXGroup;
			children = (
				86A650AE2306FE8600214252 /* weekthreeAssesment */,
				86A650AD2306FE8600214252 /* Products */,
			);
			sourceTree = "<group>";
		};
		86A650AD2306FE8600214252 /* Products */ = {
			isa = PBXGroup;
			children = (
				86A650AC2306FE8600214252 /* weekthreeAssesment.app */,
			);
			name = Products;
			sourceTree = "<group>";
		};
		86A650AE2306FE8600214252 /* weekthreeAssesment */ = {
			isa = PBXGroup;
			children = (
				86A650B32306FE8600214252 /* Main.storyboard */,
				86A650C42307012900214252 /* Views */,
				86A650C32307011600214252 /* Model Controllers */,
				86A650C22307010200214252 /* Models */,
				86A650C12306FED800214252 /* Resources */,
			);
			path = weekthreeAssesment;
			sourceTree = "<group>";
		};
		86A650C12306FED800214252 /* Resources */ = {
			isa = PBXGroup;
			children = (
				86A650AF2306FE8600214252 /* AppDelegate.swift */,
				86A650B62306FE8700214252 /* Assets.xcassets */,
				86A650B82306FE8700214252 /* LaunchScreen.storyboard */,
				86A650BB2306FE8700214252 /* Info.plist */,
			);
			path = Resources;
			sourceTree = "<group>";
		};
		86A650C22307010200214252 /* Models */ = {
			isa = PBXGroup;
			children = (
				86A650C52307016800214252 /* Movie.swift */,
				86A650CB2307096E00214252 /* MoviesData.swift */,
			);
			path = Models;
			sourceTree = "<group>";
		};
		86A650C32307011600214252 /* Model Controllers */ = {
			isa = PBXGroup;
			children = (
				86A650C72307025D00214252 /* MovieController.swift */,
			);
			path = "Model Controllers";
			sourceTree = "<group>";
		};
		86A650C42307012900214252 /* Views */ = {
			isa = PBXGroup;
			children = (
				86A650C92307064000214252 /* MainTableViewController.swift */,
				86A650CF23070CEF00214252 /* Custom Cells */,
			);
			name = Views;
			sourceTree = "<group>";
		};
		86A650CF23070CEF00214252 /* Custom Cells */ = {
			isa = PBXGroup;
			children = (
				86A650CD23070CE900214252 /* MovieTableViewCell.swift */,
			);
			name = "Custom Cells";
			sourceTree = "<group>";
		};
/* End PBXGroup section */

/* Begin PBXNativeTarget section */
		86A650AB2306FE8600214252 /* weekthreeAssesment */ = {
			isa = PBXNativeTarget;
			buildConfigurationList = 86A650BE2306FE8700214252 /* Build configuration list for PBXNativeTarget "weekthreeAssesment" */;
			buildPhases = (
				86A650A82306FE8600214252 /* Sources */,
				86A650A92306FE8600214252 /* Frameworks */,
				86A650AA2306FE8600214252 /* Resources */,
			);
			buildRules = (
			);
			dependencies = (
			);
			name = weekthreeAssesment;
			productName = weekthreeAssesment;
			productReference = 86A650AC2306FE8600214252 /* weekthreeAssesment.app */;
			productType = "com.apple.product-type.application";
		};
/* End PBXNativeTarget section */

/* Begin PBXProject section */
		86A650A42306FE8600214252 /* Project object */ = {
			isa = PBXProject;
			attributes = {
				LastSwiftUpdateCheck = 1020;
				LastUpgradeCheck = 1020;
				ORGANIZATIONNAME = "Jax Tubbs";
				TargetAttributes = {
					86A650AB2306FE8600214252 = {
						CreatedOnToolsVersion = 10.2.1;
					};
				};
			};
			buildConfigurationList = 86A650A72306FE8600214252 /* Build configuration list for PBXProject "weekthreeAssesment" */;
			compatibilityVersion = "Xcode 9.3";
			developmentRegion = en;
			hasScannedForEncodings = 0;
			knownRegions = (
				en,
				Base,
			);
			mainGroup = 86A650A32306FE8600214252;
			productRefGroup = 86A650AD2306FE8600214252 /* Products */;
			projectDirPath = "";
			projectRoot = "";
			targets = (
				86A650AB2306FE8600214252 /* weekthreeAssesment */,
			);
		};
/* End PBXProject section */

/* Begin PBXResourcesBuildPhase section */
		86A650AA2306FE8600214252 /* Resources */ = {
			isa = PBXResourcesBuildPhase;
			buildActionMask = 2147483647;
			files = (
				86A650BA2306FE8700214252 /* LaunchScreen.storyboard in Resources */,
				86A650B72306FE8700214252 /* Assets.xcassets in Resources */,
				86A650B52306FE8600214252 /* Main.storyboard in Resources */,
			);
			runOnlyForDeploymentPostprocessing = 0;
		};
/* End PBXResourcesBuildPhase section */

/* Begin PBXSourcesBuildPhase section */
		86A650A82306FE8600214252 /* Sources */ = {
			isa = PBXSourcesBuildPhase;
			buildActionMask = 2147483647;
			files = (
				86A650C82307025D00214252 /* MovieController.swift in Sources */,
				86A650C62307016800214252 /* Movie.swift in Sources */,
				86A650CE23070CE900214252 /* MovieTableViewCell.swift in Sources */,
				86A650B02306FE8600214252 /* AppDelegate.swift in Sources */,
				86A650CC2307096E00214252 /* MoviesData.swift in Sources */,
				86A650CA2307064000214252 /* MainTableViewController.swift in Sources */,
			);
			runOnlyForDeploymentPostprocessing = 0;
		};
/* End PBXSourcesBuildPhase section */

/* Begin PBXVariantGroup section */
		86A650B32306FE8600214252 /* Main.storyboard */ = {
			isa = PBXVariantGroup;
			children = (
				86A650B42306FE8600214252 /* Base */,
			);
			name = Main.storyboard;
			sourceTree = "<group>";
		};
		86A650B82306FE8700214252 /* LaunchScreen.storyboard */ = {
			isa = PBXVariantGroup;
			children = (
				86A650B92306FE8700214252 /* Base */,
			);
			name = LaunchScreen.storyboard;
			sourceTree = "<group>";
		};
/* End PBXVariantGroup section */

/* Begin XCBuildConfiguration section */
		86A650BC2306FE8700214252 /* Debug */ = {
			isa = XCBuildConfiguration;
			buildSettings = {
				ALWAYS_SEARCH_USER_PATHS = NO;
				CLANG_ANALYZER_NONNULL = YES;
				CLANG_ANALYZER_NUMBER_OBJECT_CONVERSION = YES_AGGRESSIVE;
				CLANG_CXX_LANGUAGE_STANDARD = "gnu++14";
				CLANG_CXX_LIBRARY = "libc++";
				CLANG_ENABLE_MODULES = YES;
				CLANG_ENABLE_OBJC_ARC = YES;
				CLANG_ENABLE_OBJC_WEAK = YES;
				CLANG_WARN_BLOCK_CAPTURE_AUTORELEASING = YES;
				CLANG_WARN_BOOL_CONVERSION = YES;
				CLANG_WARN_COMMA = YES;
				CLANG_WARN_CONSTANT_CONVERSION = YES;
				CLANG_WARN_DEPRECATED_OBJC_IMPLEMENTATIONS = YES;
				CLANG_WARN_DIRECT_OBJC_ISA_USAGE = YES_ERROR;
				CLANG_WARN_DOCUMENTATION_COMMENTS = YES;
				CLANG_WARN_EMPTY_BODY = YES;
				CLANG_WARN_ENUM_CONVERSION = YES;
				CLANG_WARN_INFINITE_RECURSION = YES;
				CLANG_WARN_INT_CONVERSION = YES;
				CLANG_WARN_NON_LITERAL_NULL_CONVERSION = YES;
				CLANG_WARN_OBJC_IMPLICIT_RETAIN_SELF = YES;
				CLANG_WARN_OBJC_LITERAL_CONVERSION = YES;
				CLANG_WARN_OBJC_ROOT_CLASS = YES_ERROR;
				CLANG_WARN_RANGE_LOOP_ANALYSIS = YES;
				CLANG_WARN_STRICT_PROTOTYPES = YES;
				CLANG_WARN_SUSPICIOUS_MOVE = YES;
				CLANG_WARN_UNGUARDED_AVAILABILITY = YES_AGGRESSIVE;
				CLANG_WARN_UNREACHABLE_CODE = YES;
				CLANG_WARN__DUPLICATE_METHOD_MATCH = YES;
				CODE_SIGN_IDENTITY = "iPhone Developer";
				COPY_PHASE_STRIP = NO;
				DEBUG_INFORMATION_FORMAT = dwarf;
				ENABLE_STRICT_OBJC_MSGSEND = YES;
				ENABLE_TESTABILITY = YES;
				GCC_C_LANGUAGE_STANDARD = gnu11;
				GCC_DYNAMIC_NO_PIC = NO;
				GCC_NO_COMMON_BLOCKS = YES;
				GCC_OPTIMIZATION_LEVEL = 0;
				GCC_PREPROCESSOR_DEFINITIONS = (
					"DEBUG=1",
					"$(inherited)",
				);
				GCC_WARN_64_TO_32_BIT_CONVERSION = YES;
				GCC_WARN_ABOUT_RETURN_TYPE = YES_ERROR;
				GCC_WARN_UNDECLARED_SELECTOR = YES;
				GCC_WARN_UNINITIALIZED_AUTOS = YES_AGGRESSIVE;
				GCC_WARN_UNUSED_FUNCTION = YES;
				GCC_WARN_UNUSED_VARIABLE = YES;
				IPHONEOS_DEPLOYMENT_TARGET = 12.2;
				MTL_ENABLE_DEBUG_INFO = INCLUDE_SOURCE;
				MTL_FAST_MATH = YES;
				ONLY_ACTIVE_ARCH = YES;
				SDKROOT = iphoneos;
				SWIFT_ACTIVE_COMPILATION_CONDITIONS = DEBUG;
				SWIFT_OPTIMIZATION_LEVEL = "-Onone";
			};
			name = Debug;
		};
		86A650BD2306FE8700214252 /* Release */ = {
			isa = XCBuildConfiguration;
			buildSettings = {
				ALWAYS_SEARCH_USER_PATHS = NO;
				CLANG_ANALYZER_NONNULL = YES;
				CLANG_ANALYZER_NUMBER_OBJECT_CONVERSION = YES_AGGRESSIVE;
				CLANG_CXX_LANGUAGE_STANDARD = "gnu++14";
				CLANG_CXX_LIBRARY = "libc++";
				CLANG_ENABLE_MODULES = YES;
				CLANG_ENABLE_OBJC_ARC = YES;
				CLANG_ENABLE_OBJC_WEAK = YES;
				CLANG_WARN_BLOCK_CAPTURE_AUTORELEASING = YES;
				CLANG_WARN_BOOL_CONVERSION = YES;
				CLANG_WARN_COMMA = YES;
				CLANG_WARN_CONSTANT_CONVERSION = YES;
				CLANG_WARN_DEPRECATED_OBJC_IMPLEMENTATIONS = YES;
				CLANG_WARN_DIRECT_OBJC_ISA_USAGE = YES_ERROR;
				CLANG_WARN_DOCUMENTATION_COMMENTS = YES;
				CLANG_WARN_EMPTY_BODY = YES;
				CLANG_WARN_ENUM_CONVERSION = YES;
				CLANG_WARN_INFINITE_RECURSION = YES;
				CLANG_WARN_INT_CONVERSION = YES;
				CLANG_WARN_NON_LITERAL_NULL_CONVERSION = YES;
				CLANG_WARN_OBJC_IMPLICIT_RETAIN_SELF = YES;
				CLANG_WARN_OBJC_LITERAL_CONVERSION = YES;
				CLANG_WARN_OBJC_ROOT_CLASS = YES_ERROR;
				CLANG_WARN_RANGE_LOOP_ANALYSIS = YES;
				CLANG_WARN_STRICT_PROTOTYPES = YES;
				CLANG_WARN_SUSPICIOUS_MOVE = YES;
				CLANG_WARN_UNGUARDED_AVAILABILITY = YES_AGGRESSIVE;
				CLANG_WARN_UNREACHABLE_CODE = YES;
				CLANG_WARN__DUPLICATE_METHOD_MATCH = YES;
				CODE_SIGN_IDENTITY = "iPhone Developer";
				COPY_PHASE_STRIP = NO;
				DEBUG_INFORMATION_FORMAT = "dwarf-with-dsym";
				ENABLE_NS_ASSERTIONS = NO;
				ENABLE_STRICT_OBJC_MSGSEND = YES;
				GCC_C_LANGUAGE_STANDARD = gnu11;
				GCC_NO_COMMON_BLOCKS = YES;
				GCC_WARN_64_TO_32_BIT_CONVERSION = YES;
				GCC_WARN_ABOUT_RETURN_TYPE = YES_ERROR;
				GCC_WARN_UNDECLARED_SELECTOR = YES;
				GCC_WARN_UNINITIALIZED_AUTOS = YES_AGGRESSIVE;
				GCC_WARN_UNUSED_FUNCTION = YES;
				GCC_WARN_UNUSED_VARIABLE = YES;
				IPHONEOS_DEPLOYMENT_TARGET = 12.2;
				MTL_ENABLE_DEBUG_INFO = NO;
				MTL_FAST_MATH = YES;
				SDKROOT = iphoneos;
				SWIFT_COMPILATION_MODE = wholemodule;
				SWIFT_OPTIMIZATION_LEVEL = "-O";
				VALIDATE_PRODUCT = YES;
			};
			name = Release;
		};
		86A650BF2306FE8700214252 /* Debug */ = {
			isa = XCBuildConfiguration;
			buildSettings = {
				ASSETCATALOG_COMPILER_APPICON_NAME = AppIcon;
				CODE_SIGN_STYLE = Automatic;
				DEVELOPMENT_TEAM = 2WP5X762NJ;
				INFOPLIST_FILE = "$(SRCROOT)/weekthreeAssesment/Resources/Info.plist";
				LD_RUNPATH_SEARCH_PATHS = (
					"$(inherited)",
					"@executable_path/Frameworks",
				);
				PRODUCT_BUNDLE_IDENTIFIER = Decknot.weekthreeAssesment;
				PRODUCT_NAME = "$(TARGET_NAME)";
				SWIFT_VERSION = 5.0;
				TARGETED_DEVICE_FAMILY = "1,2";
			};
			name = Debug;
		};
		86A650C02306FE8700214252 /* Release */ = {
			isa = XCBuildConfiguration;
			buildSettings = {
				ASSETCATALOG_COMPILER_APPICON_NAME = AppIcon;
				CODE_SIGN_STYLE = Automatic;
				DEVELOPMENT_TEAM = 2WP5X762NJ;
				INFOPLIST_FILE = "$(SRCROOT)/weekthreeAssesment/Resources/Info.plist";
				LD_RUNPATH_SEARCH_PATHS = (
					"$(inherited)",
					"@executable_path/Frameworks",
				);
				PRODUCT_BUNDLE_IDENTIFIER = Decknot.weekthreeAssesment;
				PRODUCT_NAME = "$(TARGET_NAME)";
				SWIFT_VERSION = 5.0;
				TARGETED_DEVICE_FAMILY = "1,2";
			};
			name = Release;
		};
/* End XCBuildConfiguration section */

/* Begin XCConfigurationList section */
		86A650A72306FE8600214252 /* Build configuration list for PBXProject "weekthreeAssesment" */ = {
			isa = XCConfigurationList;
			buildConfigurations = (
				86A650BC2306FE8700214252 /* Debug */,
				86A650BD2306FE8700214252 /* Release */,
			);
			defaultConfigurationIsVisible = 0;
			defaultConfigurationName = Release;
		};
		86A650BE2306FE8700214252 /* Build configuration list for PBXNativeTarget "weekthreeAssesment" */ = {
			isa = XCConfigurationList;
			buildConfigurations = (
				86A650BF2306FE8700214252 /* Debug */,
				86A650C02306FE8700214252 /* Release */,
			);
			defaultConfigurationIsVisible = 0;
			defaultConfigurationName = Release;
		};
/* End XCConfigurationList section */
	};
	rootObject = 86A650A42306FE8600214252 /* Project object */;
}
